
Microsoft Visual Studio Solution File, Format Version 12.00
# Visual Studio Version 17
VisualStudioVersion = 17.9.34607.119
MinimumVisualStudioVersion = 10.0.40219.1
Project("{FAE04EC0-301F-11D3-BF4B-00C04F79EFBC}") = "WebAppMVC", "WebAppMVC\WebAppMVC.csproj", "{49E21C48-2999-4E51-8B3C-63F2F427780A}"
EndProject
Global
	GlobalSection(SolutionConfigurationPlatforms) = preSolution
		Debug|Any CPU = Debug|Any CPU
		Release|Any CPU = Release|Any CPU
	EndGlobalSection
	GlobalSection(ProjectConfigurationPlatforms) = postSolution
		{49E21C48-2999-4E51-8B3C-63F2F427780A}.Debug|Any CPU.ActiveCfg = Debug|Any CPU
		{49E21C48-2999-4E51-8B3C-63F2F427780A}.Debug|Any CPU.Build.0 = Debug|Any CPU
		{49E21C48-2999-4E51-8B3C-63F2F427780A}.Release|Any CPU.ActiveCfg = Release|Any CPU
		{49E21C48-2999-4E51-8B3C-63F2F427780A}.Release|Any CPU.Build.0 = Release|Any CPU
	EndGlobalSection
	GlobalSection(SolutionProperties) = preSolution
		HideSolutionNode = FALSE
	EndGlobalSection
	GlobalSection(ExtensibilityGlobals) = postSolution
		SolutionGuid = {C45F346F-72C1-4FE0-963A-10C7FD3EC8DF}
	EndGlobalSection
EndGlobal
